
Microsoft Visual Studio Solution File, Format Version 11.00
# Visual Studio 2010
Project("{F184B08F-C81C-45F6-A57F-5ABD9991F28F}") = "Check Digit - Integer", "Check Digit - Integer\Check Digit - Integer.vbproj", "{E1B014C6-FCB8-48BD-B2BE-EC08338E572E}"
EndProject
Global
	GlobalSection(SolutionConfigurationPlatforms) = preSolution
		Debug|x86 = Debug|x86
		Release|x86 = Release|x86
	EndGlobalSection
	GlobalSection(ProjectConfigurationPlatforms) = postSolution
		{E1B014C6-FCB8-48BD-B2BE-EC08338E572E}.Debug|x86.ActiveCfg = Debug|x86
		{E1B014C6-FCB8-48BD-B2BE-EC08338E572E}.Debug|x86.Build.0 = Debug|x86
		{E1B014C6-FCB8-48BD-B2BE-EC08338E572E}.Release|x86.ActiveCfg = Release|x86
		{E1B014C6-FCB8-48BD-B2BE-EC08338E572E}.Release|x86.Build.0 = Release|x86
	EndGlobalSection
	GlobalSection(SolutionProperties) = preSolution
		HideSolutionNode = FALSE
	EndGlobalSection
EndGlobal
